{
    "_readme": [
        "This file locks the dependencies of your project to a known state",
        "Read more about it at https://getcomposer.org/doc/01-basic-usage.md#installing-dependencies",
        "This file is @generated automatically"
    ],
    "content-hash": "58630cde83479b0d5d4d5aaa6924c646",
    "packages": [
        {
            "name": "itsoft/revolut",
            "version": "dev-master",
            "source": {
                "type": "git",
                "url": "https://github.com/itsoft7/revolut-php.git",
                "reference": "79372e0921abf555fb0ff964eca979bdb4fbb184"
            },
            "dist": {
                "type": "zip",
                "url": "https://api.github.com/repos/itsoft7/revolut-php/zipball/79372e0921abf555fb0ff964eca979bdb4fbb184",
                "reference": "79372e0921abf555fb0ff964eca979bdb4fbb184",
                "shasum": ""
            },
            "require": {
                "ext-curl": "*",
                "ext-json": "*",
                "ext-openssl": "*",
                "php": ">=5.4.0"
            },
            "default-branch": true,
            "type": "library",
            "autoload": {
                "psr-4": {
                    "ITSOFT\\Revolut\\": "src/"
                }
            },
            "license": [
                "MIT"
            ],
            "authors": [
                {
                    "name": "Igor Tarasov",
                    "email": "igor@itsoft.ru",
                    "homepage": "https://itsoft.ru",
                    "role": "Developer"
                },
                {
                    "name": "Pavel Maslov",
                    "email": "pavel.masloff@gmail.com",
                    "homepage": "https://maslick.tech",
                    "role": "Contributor"
                }
            ],
            "description": "Revolut API in one php-class in one file without any dependencies.",
            "homepage": "https://github.com/itsoft7/revolut-php/",
            "keywords": [
                "api",
                "php",
                "revolut",
                "single"
            ],
            "support": {
                "source": "https://github.com/itsoft7/revolut-php/tree/master",
                "issues": "https://github.com/itsoft7/revolut-php/issues"
            },
            "time": "2021-03-11T05:51:04+00:00"
        }
    ],
    "packages-dev": [],
    "aliases": [],
    "minimum-stability": "stable",
    "stability-flags": {
        "itsoft/revolut": 20
    },
    "prefer-stable": false,
    "prefer-lowest": false,
    "platform": {
        "ext-json": "*"
    },
    "platform-dev": [],
    "plugin-api-version": "2.0.0"
}
