{
    "_readme": [
        "This file locks the dependencies of your project to a known state",
        "Read more about it at https://getcomposer.org/doc/01-basic-usage.md#installing-dependencies",
        "This file is @generated automatically"
    ],
    "content-hash": "7d2a3b9331f5dfe9e536b330ff735c9a",
    "packages": [
        {
            "name": "itsoft/revolut",
            "version": "v1.1.0",
            "source": {
                "type": "git",
                "url": "https://github.com/itsoft7/revolut-php.git",
                "reference": "74a332b4605e9f912d4846a15ad83416a47b3a53"
            },
            "dist": {
                "type": "zip",
                "url": "https://api.github.com/repos/itsoft7/revolut-php/zipball/74a332b4605e9f912d4846a15ad83416a47b3a53",
                "reference": "74a332b4605e9f912d4846a15ad83416a47b3a53",
                "shasum": ""
            },
            "require": {
                "ext-curl": "*",
                "ext-json": "*",
                "ext-openssl": "*",
                "php": ">=5.4.0"
            },
            "type": "library",
            "autoload": {
                "psr-4": {
                    "ITSOFT\\Revolut\\": "src/"
                }
            },
            "notification-url": "https://packagist.org/downloads/",
            "license": [
                "MIT"
            ],
            "authors": [
                {
                    "name": "Igor Tarasov",
                    "email": "igor@itsoft.ru",
                    "homepage": "https://itsoft.ru",
                    "role": "Developer"
                },
                {
                    "name": "Pavel Maslov",
                    "email": "pavel.masloff@gmail.com",
                    "homepage": "https://maslick.tech",
                    "role": "Contributor"
                }
            ],
            "description": "Revolut API in one php-class in one file without any dependencies.",
            "homepage": "https://github.com/itsoft7/revolut-php/",
            "keywords": [
                "api",
                "php",
                "revolut",
                "single"
            ],
            "support": {
                "issues": "https://github.com/itsoft7/revolut-php/issues",
                "source": "https://github.com/itsoft7/revolut-php/tree/v1.1.0"
            },
            "time": "2021-03-14T13:58:04+00:00"
        }
    ],
    "packages-dev": [],
    "aliases": [],
    "minimum-stability": "stable",
    "stability-flags": [],
    "prefer-stable": false,
    "prefer-lowest": false,
    "platform": {
        "ext-json": "*"
    },
    "platform-dev": [],
    "plugin-api-version": "2.0.0"
}
